
Microsoft Visual Studio Solution File, Format Version 12.00
# Visual Studio Version 16
VisualStudioVersion = 16.0.29020.237
MinimumVisualStudioVersion = 10.0.40219.1
Project("{2150E333-8FDC-42A3-9474-1A3956D46DE8}") = "src", "src", "{CA9AC87F-097E-4F15-8393-4BC07735A5B0}"
EndProject
Project("{2150E333-8FDC-42A3-9474-1A3956D46DE8}") = "test", "test", "{04DBDB01-70F4-4E06-B468-8F87850B22BE}"
EndProject
Project("{9A19103F-16F7-4668-BE54-9A1E7A4F7556}") = "Bamboo.Domain.Shared", "src\Bamboo.Domain.Shared\Bamboo.Domain.Shared.csproj", "{42F719ED-8413-4895-B5B4-5AB56079BC66}"
EndProject
Project("{9A19103F-16F7-4668-BE54-9A1E7A4F7556}") = "Bamboo.Application.Contracts", "src\Bamboo.Application.Contracts\Bamboo.Application.Contracts.csproj", "{520659C8-C734-4298-A3DA-B539DB9DFC0B}"
EndProject
Project("{9A19103F-16F7-4668-BE54-9A1E7A4F7556}") = "Bamboo.HttpApi.Client", "src\Bamboo.HttpApi.Client\Bamboo.HttpApi.Client.csproj", "{3B5A0094-670D-4BB1-BFDD-61B88A8773DC}"
EndProject
Project("{9A19103F-16F7-4668-BE54-9A1E7A4F7556}") = "Bamboo.HttpApi.Client.ConsoleTestApp", "test\Bamboo.HttpApi.Client.ConsoleTestApp\Bamboo.HttpApi.Client.ConsoleTestApp.csproj", "{EF480016-9127-4916-8735-D2466BDBC582}"
EndProject
Project("{9A19103F-16F7-4668-BE54-9A1E7A4F7556}") = "Bamboo.Blazor", "src\Bamboo.Blazor\Bamboo.Blazor.csproj", "{27B2DDC7-8B75-4322-A312-25419C15D9D8}"
EndProject
Project("{2150E333-8FDC-42A3-9474-1A3956D46DE8}") = "modules", "modules", "{99369483-7AB8-43FA-AF9B-35E16C2AAD55}"
EndProject
Project("{9A19103F-16F7-4668-BE54-9A1E7A4F7556}") = "Bamboo.Base.Domain.Shared", "..\thirdParty\bamboomodules\Bamboo.Base\src\Bamboo.Base.Domain.Shared\Bamboo.Base.Domain.Shared.csproj", "{D48D405D-2C8E-497E-89D8-CF9C52550A69}"
EndProject
Project("{9A19103F-16F7-4668-BE54-9A1E7A4F7556}") = "Bamboo.Base.Application.Contracts", "..\thirdParty\bamboomodules\Bamboo.Base\src\Bamboo.Base.Application.Contracts\Bamboo.Base.Application.Contracts.csproj", "{880596C7-DD95-444B-8BB8-5EEA5BD9138F}"
EndProject
Project("{9A19103F-16F7-4668-BE54-9A1E7A4F7556}") = "Bamboo.Common.Shared", "..\thirdParty\bamboomodules\Bamboo.Common.Shared\Bamboo.Common.Shared.csproj", "{A008273B-0E4B-4961-A249-A32E2630E5D3}"
EndProject
Project("{9A19103F-16F7-4668-BE54-9A1E7A4F7556}") = "Bamboo.Base.Blazor", "..\thirdParty\bamboomodules\Bamboo.Base\src\Bamboo.Base.Blazor\Bamboo.Base.Blazor.csproj", "{70979D29-D86B-4347-AD3D-80B6D66BABFD}"
EndProject
Project("{9A19103F-16F7-4668-BE54-9A1E7A4F7556}") = "Bamboo.CRM.Domain.Shared", "..\thirdParty\bamboomodules\Bamboo.CRM\src\Bamboo.CRM.Domain.Shared\Bamboo.CRM.Domain.Shared.csproj", "{C2ADDBFB-6174-453B-BE1E-6ECB1235DFCB}"
EndProject
Project("{9A19103F-16F7-4668-BE54-9A1E7A4F7556}") = "Bamboo.CRM.Application.Contracts", "..\thirdParty\bamboomodules\Bamboo.CRM\src\Bamboo.CRM.Application.Contracts\Bamboo.CRM.Application.Contracts.csproj", "{2B1C1DCC-6727-4F02-9DB0-17B8F343BD2A}"
EndProject
Project("{9A19103F-16F7-4668-BE54-9A1E7A4F7556}") = "Bamboo.CRM.HttpApi.Client", "..\thirdParty\bamboomodules\Bamboo.CRM\src\Bamboo.CRM.HttpApi.Client\Bamboo.CRM.HttpApi.Client.csproj", "{2CBEE9B2-7BB5-4DFA-977F-23EF29D10431}"
EndProject
Project("{9A19103F-16F7-4668-BE54-9A1E7A4F7556}") = "Bamboo.CRM.Blazor", "..\thirdParty\bamboomodules\Bamboo.CRM\src\Bamboo.CRM.Blazor\Bamboo.CRM.Blazor.csproj", "{F772A7CF-2C29-4776-A745-01609D707CED}"
EndProject
Project("{9A19103F-16F7-4668-BE54-9A1E7A4F7556}") = "Bamboo.Base.HttpApi.Client", "..\thirdParty\bamboomodules\Bamboo.Base\src\Bamboo.Base.HttpApi.Client\Bamboo.Base.HttpApi.Client.csproj", "{2D09E9F6-A671-4DD0-BFD9-8AF894CF3AF0}"
EndProject
Project("{9A19103F-16F7-4668-BE54-9A1E7A4F7556}") = "Bamboo.Sales.Domain.Shared", "..\thirdParty\bamboomodules\Bamboo.Sales\src\Bamboo.Sales.Domain.Shared\Bamboo.Sales.Domain.Shared.csproj", "{88A17ACF-3AFA-4CAD-8EA9-4A7FD2C197EA}"
EndProject
Project("{9A19103F-16F7-4668-BE54-9A1E7A4F7556}") = "Bamboo.Sales.Application.Contracts", "..\thirdParty\bamboomodules\Bamboo.Sales\src\Bamboo.Sales.Application.Contracts\Bamboo.Sales.Application.Contracts.csproj", "{CB0DF542-BB68-47D5-AEF7-C135C4545AF0}"
EndProject
Project("{9A19103F-16F7-4668-BE54-9A1E7A4F7556}") = "Bamboo.Sales.HttpApi.Client", "..\thirdParty\bamboomodules\Bamboo.Sales\src\Bamboo.Sales.HttpApi.Client\Bamboo.Sales.HttpApi.Client.csproj", "{B0503CF7-D6F1-435E-9A8E-959CC61F8DEE}"
EndProject
Project("{9A19103F-16F7-4668-BE54-9A1E7A4F7556}") = "Bamboo.Sales.Blazor", "..\thirdParty\bamboomodules\Bamboo.Sales\src\Bamboo.Sales.Blazor\Bamboo.Sales.Blazor.csproj", "{D07A6F65-E43E-4CEC-964E-DFA6861C1774}"
EndProject
Global
	GlobalSection(SolutionConfigurationPlatforms) = preSolution
		Debug|Any CPU = Debug|Any CPU
		Release|Any CPU = Release|Any CPU
	EndGlobalSection
	GlobalSection(ProjectConfigurationPlatforms) = postSolution
		{42F719ED-8413-4895-B5B4-5AB56079BC66}.Debug|Any CPU.ActiveCfg = Debug|Any CPU
		{42F719ED-8413-4895-B5B4-5AB56079BC66}.Debug|Any CPU.Build.0 = Debug|Any CPU
		{42F719ED-8413-4895-B5B4-5AB56079BC66}.Release|Any CPU.ActiveCfg = Release|Any CPU
		{42F719ED-8413-4895-B5B4-5AB56079BC66}.Release|Any CPU.Build.0 = Release|Any CPU
		{520659C8-C734-4298-A3DA-B539DB9DFC0B}.Debug|Any CPU.ActiveCfg = Debug|Any CPU
		{520659C8-C734-4298-A3DA-B539DB9DFC0B}.Debug|Any CPU.Build.0 = Debug|Any CPU
		{520659C8-C734-4298-A3DA-B539DB9DFC0B}.Release|Any CPU.ActiveCfg = Release|Any CPU
		{520659C8-C734-4298-A3DA-B539DB9DFC0B}.Release|Any CPU.Build.0 = Release|Any CPU
		{3B5A0094-670D-4BB1-BFDD-61B88A8773DC}.Debug|Any CPU.ActiveCfg = Debug|Any CPU
		{3B5A0094-670D-4BB1-BFDD-61B88A8773DC}.Debug|Any CPU.Build.0 = Debug|Any CPU
		{3B5A0094-670D-4BB1-BFDD-61B88A8773DC}.Release|Any CPU.ActiveCfg = Release|Any CPU
		{3B5A0094-670D-4BB1-BFDD-61B88A8773DC}.Release|Any CPU.Build.0 = Release|Any CPU
		{EF480016-9127-4916-8735-D2466BDBC582}.Debug|Any CPU.ActiveCfg = Debug|Any CPU
		{EF480016-9127-4916-8735-D2466BDBC582}.Debug|Any CPU.Build.0 = Debug|Any CPU
		{EF480016-9127-4916-8735-D2466BDBC582}.Release|Any CPU.ActiveCfg = Release|Any CPU
		{EF480016-9127-4916-8735-D2466BDBC582}.Release|Any CPU.Build.0 = Release|Any CPU
		{27B2DDC7-8B75-4322-A312-25419C15D9D8}.Debug|Any CPU.ActiveCfg = Debug|Any CPU
		{27B2DDC7-8B75-4322-A312-25419C15D9D8}.Debug|Any CPU.Build.0 = Debug|Any CPU
		{27B2DDC7-8B75-4322-A312-25419C15D9D8}.Release|Any CPU.ActiveCfg = Release|Any CPU
		{27B2DDC7-8B75-4322-A312-25419C15D9D8}.Release|Any CPU.Build.0 = Release|Any CPU
		{D48D405D-2C8E-497E-89D8-CF9C52550A69}.Debug|Any CPU.ActiveCfg = Debug|Any CPU
		{D48D405D-2C8E-497E-89D8-CF9C52550A69}.Debug|Any CPU.Build.0 = Debug|Any CPU
		{D48D405D-2C8E-497E-89D8-CF9C52550A69}.Release|Any CPU.ActiveCfg = Release|Any CPU
		{D48D405D-2C8E-497E-89D8-CF9C52550A69}.Release|Any CPU.Build.0 = Release|Any CPU
		{880596C7-DD95-444B-8BB8-5EEA5BD9138F}.Debug|Any CPU.ActiveCfg = Debug|Any CPU
		{880596C7-DD95-444B-8BB8-5EEA5BD9138F}.Debug|Any CPU.Build.0 = Debug|Any CPU
		{880596C7-DD95-444B-8BB8-5EEA5BD9138F}.Release|Any CPU.ActiveCfg = Release|Any CPU
		{880596C7-DD95-444B-8BB8-5EEA5BD9138F}.Release|Any CPU.Build.0 = Release|Any CPU
		{A008273B-0E4B-4961-A249-A32E2630E5D3}.Debug|Any CPU.ActiveCfg = Debug|Any CPU
		{A008273B-0E4B-4961-A249-A32E2630E5D3}.Debug|Any CPU.Build.0 = Debug|Any CPU
		{A008273B-0E4B-4961-A249-A32E2630E5D3}.Release|Any CPU.ActiveCfg = Release|Any CPU
		{A008273B-0E4B-4961-A249-A32E2630E5D3}.Release|Any CPU.Build.0 = Release|Any CPU
		{70979D29-D86B-4347-AD3D-80B6D66BABFD}.Debug|Any CPU.ActiveCfg = Debug|Any CPU
		{70979D29-D86B-4347-AD3D-80B6D66BABFD}.Debug|Any CPU.Build.0 = Debug|Any CPU
		{70979D29-D86B-4347-AD3D-80B6D66BABFD}.Release|Any CPU.ActiveCfg = Release|Any CPU
		{70979D29-D86B-4347-AD3D-80B6D66BABFD}.Release|Any CPU.Build.0 = Release|Any CPU
		{C2ADDBFB-6174-453B-BE1E-6ECB1235DFCB}.Debug|Any CPU.ActiveCfg = Debug|Any CPU
		{C2ADDBFB-6174-453B-BE1E-6ECB1235DFCB}.Debug|Any CPU.Build.0 = Debug|Any CPU
		{C2ADDBFB-6174-453B-BE1E-6ECB1235DFCB}.Release|Any CPU.ActiveCfg = Release|Any CPU
		{C2ADDBFB-6174-453B-BE1E-6ECB1235DFCB}.Release|Any CPU.Build.0 = Release|Any CPU
		{2B1C1DCC-6727-4F02-9DB0-17B8F343BD2A}.Debug|Any CPU.ActiveCfg = Debug|Any CPU
		{2B1C1DCC-6727-4F02-9DB0-17B8F343BD2A}.Debug|Any CPU.Build.0 = Debug|Any CPU
		{2B1C1DCC-6727-4F02-9DB0-17B8F343BD2A}.Release|Any CPU.ActiveCfg = Release|Any CPU
		{2B1C1DCC-6727-4F02-9DB0-17B8F343BD2A}.Release|Any CPU.Build.0 = Release|Any CPU
		{2CBEE9B2-7BB5-4DFA-977F-23EF29D10431}.Debug|Any CPU.ActiveCfg = Debug|Any CPU
		{2CBEE9B2-7BB5-4DFA-977F-23EF29D10431}.Debug|Any CPU.Build.0 = Debug|Any CPU
		{2CBEE9B2-7BB5-4DFA-977F-23EF29D10431}.Release|Any CPU.ActiveCfg = Release|Any CPU
		{2CBEE9B2-7BB5-4DFA-977F-23EF29D10431}.Release|Any CPU.Build.0 = Release|Any CPU
		{F772A7CF-2C29-4776-A745-01609D707CED}.Debug|Any CPU.ActiveCfg = Debug|Any CPU
		{F772A7CF-2C29-4776-A745-01609D707CED}.Debug|Any CPU.Build.0 = Debug|Any CPU
		{F772A7CF-2C29-4776-A745-01609D707CED}.Release|Any CPU.ActiveCfg = Release|Any CPU
		{F772A7CF-2C29-4776-A745-01609D707CED}.Release|Any CPU.Build.0 = Release|Any CPU
		{2D09E9F6-A671-4DD0-BFD9-8AF894CF3AF0}.Debug|Any CPU.ActiveCfg = Debug|Any CPU
		{2D09E9F6-A671-4DD0-BFD9-8AF894CF3AF0}.Debug|Any CPU.Build.0 = Debug|Any CPU
		{2D09E9F6-A671-4DD0-BFD9-8AF894CF3AF0}.Release|Any CPU.ActiveCfg = Release|Any CPU
		{2D09E9F6-A671-4DD0-BFD9-8AF894CF3AF0}.Release|Any CPU.Build.0 = Release|Any CPU
		{88A17ACF-3AFA-4CAD-8EA9-4A7FD2C197EA}.Debug|Any CPU.ActiveCfg = Debug|Any CPU
		{88A17ACF-3AFA-4CAD-8EA9-4A7FD2C197EA}.Debug|Any CPU.Build.0 = Debug|Any CPU
		{88A17ACF-3AFA-4CAD-8EA9-4A7FD2C197EA}.Release|Any CPU.ActiveCfg = Release|Any CPU
		{88A17ACF-3AFA-4CAD-8EA9-4A7FD2C197EA}.Release|Any CPU.Build.0 = Release|Any CPU
		{CB0DF542-BB68-47D5-AEF7-C135C4545AF0}.Debug|Any CPU.ActiveCfg = Debug|Any CPU
		{CB0DF542-BB68-47D5-AEF7-C135C4545AF0}.Debug|Any CPU.Build.0 = Debug|Any CPU
		{CB0DF542-BB68-47D5-AEF7-C135C4545AF0}.Release|Any CPU.ActiveCfg = Release|Any CPU
		{CB0DF542-BB68-47D5-AEF7-C135C4545AF0}.Release|Any CPU.Build.0 = Release|Any CPU
		{B0503CF7-D6F1-435E-9A8E-959CC61F8DEE}.Debug|Any CPU.ActiveCfg = Debug|Any CPU
		{B0503CF7-D6F1-435E-9A8E-959CC61F8DEE}.Debug|Any CPU.Build.0 = Debug|Any CPU
		{B0503CF7-D6F1-435E-9A8E-959CC61F8DEE}.Release|Any CPU.ActiveCfg = Release|Any CPU
		{B0503CF7-D6F1-435E-9A8E-959CC61F8DEE}.Release|Any CPU.Build.0 = Release|Any CPU
		{D07A6F65-E43E-4CEC-964E-DFA6861C1774}.Debug|Any CPU.ActiveCfg = Debug|Any CPU
		{D07A6F65-E43E-4CEC-964E-DFA6861C1774}.Debug|Any CPU.Build.0 = Debug|Any CPU
		{D07A6F65-E43E-4CEC-964E-DFA6861C1774}.Release|Any CPU.ActiveCfg = Release|Any CPU
		{D07A6F65-E43E-4CEC-964E-DFA6861C1774}.Release|Any CPU.Build.0 = Release|Any CPU
	EndGlobalSection
	GlobalSection(SolutionProperties) = preSolution
		HideSolutionNode = FALSE
	EndGlobalSection
	GlobalSection(NestedProjects) = preSolution
		{42F719ED-8413-4895-B5B4-5AB56079BC66} = {CA9AC87F-097E-4F15-8393-4BC07735A5B0}
		{520659C8-C734-4298-A3DA-B539DB9DFC0B} = {CA9AC87F-097E-4F15-8393-4BC07735A5B0}
		{3B5A0094-670D-4BB1-BFDD-61B88A8773DC} = {CA9AC87F-097E-4F15-8393-4BC07735A5B0}
		{EF480016-9127-4916-8735-D2466BDBC582} = {04DBDB01-70F4-4E06-B468-8F87850B22BE}
		{27B2DDC7-8B75-4322-A312-25419C15D9D8} = {CA9AC87F-097E-4F15-8393-4BC07735A5B0}
		{D48D405D-2C8E-497E-89D8-CF9C52550A69} = {99369483-7AB8-43FA-AF9B-35E16C2AAD55}
		{880596C7-DD95-444B-8BB8-5EEA5BD9138F} = {99369483-7AB8-43FA-AF9B-35E16C2AAD55}
		{A008273B-0E4B-4961-A249-A32E2630E5D3} = {99369483-7AB8-43FA-AF9B-35E16C2AAD55}
		{70979D29-D86B-4347-AD3D-80B6D66BABFD} = {99369483-7AB8-43FA-AF9B-35E16C2AAD55}
		{C2ADDBFB-6174-453B-BE1E-6ECB1235DFCB} = {99369483-7AB8-43FA-AF9B-35E16C2AAD55}
		{2B1C1DCC-6727-4F02-9DB0-17B8F343BD2A} = {99369483-7AB8-43FA-AF9B-35E16C2AAD55}
		{2CBEE9B2-7BB5-4DFA-977F-23EF29D10431} = {99369483-7AB8-43FA-AF9B-35E16C2AAD55}
		{F772A7CF-2C29-4776-A745-01609D707CED} = {99369483-7AB8-43FA-AF9B-35E16C2AAD55}
		{2D09E9F6-A671-4DD0-BFD9-8AF894CF3AF0} = {99369483-7AB8-43FA-AF9B-35E16C2AAD55}
		{88A17ACF-3AFA-4CAD-8EA9-4A7FD2C197EA} = {99369483-7AB8-43FA-AF9B-35E16C2AAD55}
		{CB0DF542-BB68-47D5-AEF7-C135C4545AF0} = {99369483-7AB8-43FA-AF9B-35E16C2AAD55}
		{B0503CF7-D6F1-435E-9A8E-959CC61F8DEE} = {99369483-7AB8-43FA-AF9B-35E16C2AAD55}
		{D07A6F65-E43E-4CEC-964E-DFA6861C1774} = {99369483-7AB8-43FA-AF9B-35E16C2AAD55}
	EndGlobalSection
	GlobalSection(ExtensibilityGlobals) = postSolution
		SolutionGuid = {28315BFD-90E7-4E14-A2EA-F3D23AF4126F}
	EndGlobalSection
EndGlobal
